
Microsoft Visual Studio Solution File, Format Version 12.00
# Visual Studio Version 16
VisualStudioVersion = 16.0.31911.196
MinimumVisualStudioVersion = 10.0.40219.1
Project("{FAE04EC0-301F-11D3-BF4B-00C04F79EFBC}") = "MPP_MusicFestival", "MPP_MusicFestival\MPP_MusicFestival.csproj", "{CF1F062E-0A89-421E-8ED9-A399D4D1AF4A}"
EndProject
Global
	GlobalSection(SolutionConfigurationPlatforms) = preSolution
		Debug|Any CPU = Debug|Any CPU
		Release|Any CPU = Release|Any CPU
	EndGlobalSection
	GlobalSection(ProjectConfigurationPlatforms) = postSolution
		{CF1F062E-0A89-421E-8ED9-A399D4D1AF4A}.Debug|Any CPU.ActiveCfg = Debug|Any CPU
		{CF1F062E-0A89-421E-8ED9-A399D4D1AF4A}.Debug|Any CPU.Build.0 = Debug|Any CPU
		{CF1F062E-0A89-421E-8ED9-A399D4D1AF4A}.Release|Any CPU.ActiveCfg = Release|Any CPU
		{CF1F062E-0A89-421E-8ED9-A399D4D1AF4A}.Release|Any CPU.Build.0 = Release|Any CPU
	EndGlobalSection
	GlobalSection(SolutionProperties) = preSolution
		HideSolutionNode = FALSE
	EndGlobalSection
	GlobalSection(ExtensibilityGlobals) = postSolution
		SolutionGuid = {30C9A60F-7287-4DFC-9E20-FE256E41CAD4}
	EndGlobalSection
EndGlobal
